# THIS IS AN AUTOGENERATED FILE. DO NOT EDIT THIS FILE DIRECTLY.
# yarn lockfile v1


decode-uri-component@^0.2.0:
  version "0.2.0"
  resolved "https://registry.yarnpkg.com/decode-uri-component/-/decode-uri-component-0.2.0.tgz#eb3913333458775cb84cd1a1fae062106bb87545"

encoding@^0.1.11:
  version "0.1.12"
  resolved "https://registry.yarnpkg.com/encoding/-/encoding-0.1.12.tgz#538b66f3ee62cd1ab51ec323829d1f9480c74beb"
  dependencies:
    iconv-lite "~0.4.13"

iconv-lite@~0.4.13:
  version "0.4.19"
  resolved "https://registry.yarnpkg.com/iconv-lite/-/iconv-lite-0.4.19.tgz#f7468f60135f5e5dad3399c0a81be9a1603a082b"

is-stream@^1.0.1, is-stream@^1.1.0:
  version "1.1.0"
  resolved "https://registry.yarnpkg.com/is-stream/-/is-stream-1.1.0.tgz#12d4a3dd4e68e0b79ceb8dbc84173ae80d91ca44"

node-fetch-polyfill@^2.0.6:
  version "2.0.6"
  resolved "https://registry.yarnpkg.com/node-fetch-polyfill/-/node-fetch-polyfill-2.0.6.tgz#073ce3ad6826bdb995a8728cfc4e3823f204407a"
  dependencies:
    encoding "^0.1.11"
    is-stream "^1.0.1"
    node-web-streams "^0.2.1"

node-web-streams@^0.2.1:
  version "0.2.2"
  resolved "https://registry.yarnpkg.com/node-web-streams/-/node-web-streams-0.2.2.tgz#087e76bbeb7e8dc56686b25db4e60c5ff9db091f"
  dependencies:
    is-stream "^1.1.0"
    web-streams-polyfill "git://github.com/gwicke/web-streams-polyfill#spec_performance_improvements"

object-assign@^4.1.0:
  version "4.1.1"
  resolved "https://registry.yarnpkg.com/object-assign/-/object-assign-4.1.1.tgz#2109adc7965887cfc05cbbd442cac8bfbb360863"

query-string@^5.0.1:
  version "5.0.1"
  resolved "https://registry.yarnpkg.com/query-string/-/query-string-5.0.1.tgz#6e2b86fe0e08aef682ecbe86e85834765402bd88"
  dependencies:
    decode-uri-component "^0.2.0"
    object-assign "^4.1.0"
    strict-uri-encode "^1.0.0"

strict-uri-encode@^1.0.0:
  version "1.1.0"
  resolved "https://registry.yarnpkg.com/strict-uri-encode/-/strict-uri-encode-1.1.0.tgz#279b225df1d582b1f54e65addd4352e18faa0713"

"web-streams-polyfill@git://github.com/gwicke/web-streams-polyfill#spec_performance_improvements":
  version "1.2.2"
  resolved "git://github.com/gwicke/web-streams-polyfill#42c488428adea1dc0c0245014e4896ad456b1ded"
